
Microsoft Visual Studio Solution File, Format Version 12.00
# Visual Studio Version 17
VisualStudioVersion = 17.6.33829.357
MinimumVisualStudioVersion = 10.0.40219.1
Project("{9A19103F-16F7-4668-BE54-9A1E7A4F7556}") = "KronoMata.Model", "KronoMata.Model\KronoMata.Model.csproj", "{40709496-4F6B-4567-8E0C-1FDDC7740E83}"
EndProject
Project("{9A19103F-16F7-4668-BE54-9A1E7A4F7556}") = "KronoMata.Public", "KronoMata.Public\KronoMata.Public.csproj", "{9BE0F1B1-9A7D-4745-B359-78B448AF7149}"
EndProject
Project("{9A19103F-16F7-4668-BE54-9A1E7A4F7556}") = "KronoMata.Data", "KronoMata.Data\KronoMata.Data.csproj", "{0F4FA888-A925-4F49-A549-C578DCA52B08}"
EndProject
Project("{9A19103F-16F7-4668-BE54-9A1E7A4F7556}") = "KronoMata.Data.Mock", "KronoMata.Data.Mock\KronoMata.Data.Mock.csproj", "{7BD4F4D2-4D09-4FE4-AB47-C18B7FB5FE4F}"
EndProject
Project("{9A19103F-16F7-4668-BE54-9A1E7A4F7556}") = "Test.KronoMata.Data.Mock", "Test.KronoMata.Data.Mock\Test.KronoMata.Data.Mock.csproj", "{6DBA2ABC-5FB4-43D2-AAA3-49FB44570414}"
EndProject
Project("{9A19103F-16F7-4668-BE54-9A1E7A4F7556}") = "KronoMata.Samples", "KronoMata.Samples\KronoMata.Samples.csproj", "{3F15FFE1-FE10-4660-ACF8-3783687D5840}"
EndProject
Project("{9A19103F-16F7-4668-BE54-9A1E7A4F7556}") = "KronoMata.Prototyping", "KronoMata.Prototyping\KronoMata.Prototyping.csproj", "{C526C770-EAEA-4150-A268-1867CF7951F6}"
EndProject
Project("{9A19103F-16F7-4668-BE54-9A1E7A4F7556}") = "KronoMata.Web", "KronoMata.Web\KronoMata.Web.csproj", "{74CE96A6-68BB-48AE-BA56-04EA044E1F03}"
EndProject
Project("{9A19103F-16F7-4668-BE54-9A1E7A4F7556}") = "KronoMata.Scheduling", "KronoMata.Scheduling\KronoMata.Scheduling.csproj", "{2ED23DC1-7CEC-4018-B5AD-B3D7A509D107}"
EndProject
Project("{9A19103F-16F7-4668-BE54-9A1E7A4F7556}") = "Test.KronoMata.Scheduling", "Test.KronoMata.Scheduling\Test.KronoMata.Scheduling.csproj", "{439DE98D-AB45-4ABD-866A-EEA79560CE4D}"
EndProject
Project("{2150E333-8FDC-42A3-9474-1A3956D46DE8}") = "Solution Items", "Solution Items", "{D7DB19BC-A7D3-42C0-9B1C-77404E606854}"
	ProjectSection(SolutionItems) = preProject
		.editorconfig = .editorconfig
	EndProjectSection
EndProject
Project("{9A19103F-16F7-4668-BE54-9A1E7A4F7556}") = "KronoMata.Agent", "KronoMata.Agent\KronoMata.Agent.csproj", "{CD61C434-EC17-4E94-989A-3A89ACAB7A08}"
EndProject
Project("{9A19103F-16F7-4668-BE54-9A1E7A4F7556}") = "KronoMata.Data.SQLite", "KronoMata.Data.SQLite\KronoMata.Data.SQLite.csproj", "{10AD8AD1-ECD9-4B97-B555-7877C67C2D35}"
EndProject
Project("{9A19103F-16F7-4668-BE54-9A1E7A4F7556}") = "Test.KronoMata.Data.SQLite", "Test.KronoMata.Data.SQLite\Test.KronoMata.Data.SQLite.csproj", "{B134A5C8-C1F5-4801-AA52-7CA04489F6F8}"
EndProject
Project("{9A19103F-16F7-4668-BE54-9A1E7A4F7556}") = "Test.KronoMata.Data.Base", "Test.KronoMata.Data.Base\Test.KronoMata.Data.Base.csproj", "{87EA61F9-DF8E-4905-8104-16CCBD58282A}"
EndProject
Project("{9A19103F-16F7-4668-BE54-9A1E7A4F7556}") = "KronoMata.Data.InMemory", "KronoMata.Data.InMemory\KronoMata.Data.InMemory.csproj", "{E39FCD28-84B4-4E3D-9E40-CFA954A6CF24}"
EndProject
Project("{9A19103F-16F7-4668-BE54-9A1E7A4F7556}") = "KronoMata.Plugins.Admin", "KronoMata.Plugins.Admin\KronoMata.Plugins.Admin.csproj", "{9B86AEBB-FD8F-44AF-8981-70412674436D}"
EndProject
Project("{9A19103F-16F7-4668-BE54-9A1E7A4F7556}") = "Test.KronoMata.Data.InMemory", "Test.KronoMata.Data.InMemory\Test.KronoMata.Data.InMemory.csproj", "{FD1350E3-8ABC-4265-B236-7BB01E6E560B}"
EndProject
Project("{E53339B2-1760-4266-BCC7-CA923CBCF16C}") = "docker-compose", "docker-compose.dcproj", "{AD07482F-EE97-4E6B-8A18-F71349F474BF}"
EndProject
Global
	GlobalSection(SolutionConfigurationPlatforms) = preSolution
		Debug|Any CPU = Debug|Any CPU
		Release|Any CPU = Release|Any CPU
	EndGlobalSection
	GlobalSection(ProjectConfigurationPlatforms) = postSolution
		{40709496-4F6B-4567-8E0C-1FDDC7740E83}.Debug|Any CPU.ActiveCfg = Debug|Any CPU
		{40709496-4F6B-4567-8E0C-1FDDC7740E83}.Debug|Any CPU.Build.0 = Debug|Any CPU
		{40709496-4F6B-4567-8E0C-1FDDC7740E83}.Release|Any CPU.ActiveCfg = Release|Any CPU
		{40709496-4F6B-4567-8E0C-1FDDC7740E83}.Release|Any CPU.Build.0 = Release|Any CPU
		{9BE0F1B1-9A7D-4745-B359-78B448AF7149}.Debug|Any CPU.ActiveCfg = Debug|Any CPU
		{9BE0F1B1-9A7D-4745-B359-78B448AF7149}.Debug|Any CPU.Build.0 = Debug|Any CPU
		{9BE0F1B1-9A7D-4745-B359-78B448AF7149}.Release|Any CPU.ActiveCfg = Release|Any CPU
		{9BE0F1B1-9A7D-4745-B359-78B448AF7149}.Release|Any CPU.Build.0 = Release|Any CPU
		{0F4FA888-A925-4F49-A549-C578DCA52B08}.Debug|Any CPU.ActiveCfg = Debug|Any CPU
		{0F4FA888-A925-4F49-A549-C578DCA52B08}.Debug|Any CPU.Build.0 = Debug|Any CPU
		{0F4FA888-A925-4F49-A549-C578DCA52B08}.Release|Any CPU.ActiveCfg = Release|Any CPU
		{0F4FA888-A925-4F49-A549-C578DCA52B08}.Release|Any CPU.Build.0 = Release|Any CPU
		{7BD4F4D2-4D09-4FE4-AB47-C18B7FB5FE4F}.Debug|Any CPU.ActiveCfg = Debug|Any CPU
		{7BD4F4D2-4D09-4FE4-AB47-C18B7FB5FE4F}.Debug|Any CPU.Build.0 = Debug|Any CPU
		{7BD4F4D2-4D09-4FE4-AB47-C18B7FB5FE4F}.Release|Any CPU.ActiveCfg = Release|Any CPU
		{7BD4F4D2-4D09-4FE4-AB47-C18B7FB5FE4F}.Release|Any CPU.Build.0 = Release|Any CPU
		{6DBA2ABC-5FB4-43D2-AAA3-49FB44570414}.Debug|Any CPU.ActiveCfg = Debug|Any CPU
		{6DBA2ABC-5FB4-43D2-AAA3-49FB44570414}.Debug|Any CPU.Build.0 = Debug|Any CPU
		{6DBA2ABC-5FB4-43D2-AAA3-49FB44570414}.Release|Any CPU.ActiveCfg = Release|Any CPU
		{6DBA2ABC-5FB4-43D2-AAA3-49FB44570414}.Release|Any CPU.Build.0 = Release|Any CPU
		{3F15FFE1-FE10-4660-ACF8-3783687D5840}.Debug|Any CPU.ActiveCfg = Debug|Any CPU
		{3F15FFE1-FE10-4660-ACF8-3783687D5840}.Debug|Any CPU.Build.0 = Debug|Any CPU
		{3F15FFE1-FE10-4660-ACF8-3783687D5840}.Release|Any CPU.ActiveCfg = Release|Any CPU
		{3F15FFE1-FE10-4660-ACF8-3783687D5840}.Release|Any CPU.Build.0 = Release|Any CPU
		{C526C770-EAEA-4150-A268-1867CF7951F6}.Debug|Any CPU.ActiveCfg = Debug|Any CPU
		{C526C770-EAEA-4150-A268-1867CF7951F6}.Debug|Any CPU.Build.0 = Debug|Any CPU
		{C526C770-EAEA-4150-A268-1867CF7951F6}.Release|Any CPU.ActiveCfg = Release|Any CPU
		{C526C770-EAEA-4150-A268-1867CF7951F6}.Release|Any CPU.Build.0 = Release|Any CPU
		{74CE96A6-68BB-48AE-BA56-04EA044E1F03}.Debug|Any CPU.ActiveCfg = Debug|Any CPU
		{74CE96A6-68BB-48AE-BA56-04EA044E1F03}.Debug|Any CPU.Build.0 = Debug|Any CPU
		{74CE96A6-68BB-48AE-BA56-04EA044E1F03}.Release|Any CPU.ActiveCfg = Release|Any CPU
		{74CE96A6-68BB-48AE-BA56-04EA044E1F03}.Release|Any CPU.Build.0 = Release|Any CPU
		{2ED23DC1-7CEC-4018-B5AD-B3D7A509D107}.Debug|Any CPU.ActiveCfg = Debug|Any CPU
		{2ED23DC1-7CEC-4018-B5AD-B3D7A509D107}.Debug|Any CPU.Build.0 = Debug|Any CPU
		{2ED23DC1-7CEC-4018-B5AD-B3D7A509D107}.Release|Any CPU.ActiveCfg = Release|Any CPU
		{2ED23DC1-7CEC-4018-B5AD-B3D7A509D107}.Release|Any CPU.Build.0 = Release|Any CPU
		{439DE98D-AB45-4ABD-866A-EEA79560CE4D}.Debug|Any CPU.ActiveCfg = Debug|Any CPU
		{439DE98D-AB45-4ABD-866A-EEA79560CE4D}.Debug|Any CPU.Build.0 = Debug|Any CPU
		{439DE98D-AB45-4ABD-866A-EEA79560CE4D}.Release|Any CPU.ActiveCfg = Release|Any CPU
		{439DE98D-AB45-4ABD-866A-EEA79560CE4D}.Release|Any CPU.Build.0 = Release|Any CPU
		{CD61C434-EC17-4E94-989A-3A89ACAB7A08}.Debug|Any CPU.ActiveCfg = Debug|Any CPU
		{CD61C434-EC17-4E94-989A-3A89ACAB7A08}.Debug|Any CPU.Build.0 = Debug|Any CPU
		{CD61C434-EC17-4E94-989A-3A89ACAB7A08}.Release|Any CPU.ActiveCfg = Release|Any CPU
		{CD61C434-EC17-4E94-989A-3A89ACAB7A08}.Release|Any CPU.Build.0 = Release|Any CPU
		{10AD8AD1-ECD9-4B97-B555-7877C67C2D35}.Debug|Any CPU.ActiveCfg = Debug|Any CPU
		{10AD8AD1-ECD9-4B97-B555-7877C67C2D35}.Debug|Any CPU.Build.0 = Debug|Any CPU
		{10AD8AD1-ECD9-4B97-B555-7877C67C2D35}.Release|Any CPU.ActiveCfg = Release|Any CPU
		{10AD8AD1-ECD9-4B97-B555-7877C67C2D35}.Release|Any CPU.Build.0 = Release|Any CPU
		{B134A5C8-C1F5-4801-AA52-7CA04489F6F8}.Debug|Any CPU.ActiveCfg = Debug|Any CPU
		{B134A5C8-C1F5-4801-AA52-7CA04489F6F8}.Debug|Any CPU.Build.0 = Debug|Any CPU
		{B134A5C8-C1F5-4801-AA52-7CA04489F6F8}.Release|Any CPU.ActiveCfg = Release|Any CPU
		{B134A5C8-C1F5-4801-AA52-7CA04489F6F8}.Release|Any CPU.Build.0 = Release|Any CPU
		{87EA61F9-DF8E-4905-8104-16CCBD58282A}.Debug|Any CPU.ActiveCfg = Debug|Any CPU
		{87EA61F9-DF8E-4905-8104-16CCBD58282A}.Debug|Any CPU.Build.0 = Debug|Any CPU
		{87EA61F9-DF8E-4905-8104-16CCBD58282A}.Release|Any CPU.ActiveCfg = Release|Any CPU
		{87EA61F9-DF8E-4905-8104-16CCBD58282A}.Release|Any CPU.Build.0 = Release|Any CPU
		{E39FCD28-84B4-4E3D-9E40-CFA954A6CF24}.Debug|Any CPU.ActiveCfg = Debug|Any CPU
		{E39FCD28-84B4-4E3D-9E40-CFA954A6CF24}.Debug|Any CPU.Build.0 = Debug|Any CPU
		{E39FCD28-84B4-4E3D-9E40-CFA954A6CF24}.Release|Any CPU.ActiveCfg = Release|Any CPU
		{E39FCD28-84B4-4E3D-9E40-CFA954A6CF24}.Release|Any CPU.Build.0 = Release|Any CPU
		{9B86AEBB-FD8F-44AF-8981-70412674436D}.Debug|Any CPU.ActiveCfg = Debug|Any CPU
		{9B86AEBB-FD8F-44AF-8981-70412674436D}.Debug|Any CPU.Build.0 = Debug|Any CPU
		{9B86AEBB-FD8F-44AF-8981-70412674436D}.Release|Any CPU.ActiveCfg = Release|Any CPU
		{9B86AEBB-FD8F-44AF-8981-70412674436D}.Release|Any CPU.Build.0 = Release|Any CPU
		{FD1350E3-8ABC-4265-B236-7BB01E6E560B}.Debug|Any CPU.ActiveCfg = Debug|Any CPU
		{FD1350E3-8ABC-4265-B236-7BB01E6E560B}.Debug|Any CPU.Build.0 = Debug|Any CPU
		{FD1350E3-8ABC-4265-B236-7BB01E6E560B}.Release|Any CPU.ActiveCfg = Release|Any CPU
		{FD1350E3-8ABC-4265-B236-7BB01E6E560B}.Release|Any CPU.Build.0 = Release|Any CPU
		{AD07482F-EE97-4E6B-8A18-F71349F474BF}.Debug|Any CPU.ActiveCfg = Debug|Any CPU
		{AD07482F-EE97-4E6B-8A18-F71349F474BF}.Debug|Any CPU.Build.0 = Debug|Any CPU
		{AD07482F-EE97-4E6B-8A18-F71349F474BF}.Release|Any CPU.ActiveCfg = Release|Any CPU
		{AD07482F-EE97-4E6B-8A18-F71349F474BF}.Release|Any CPU.Build.0 = Release|Any CPU
	EndGlobalSection
	GlobalSection(SolutionProperties) = preSolution
		HideSolutionNode = FALSE
	EndGlobalSection
	GlobalSection(ExtensibilityGlobals) = postSolution
		SolutionGuid = {C1F71750-55B9-4AC3-B272-41842AAB1CAD}
	EndGlobalSection
EndGlobal
