
Microsoft Visual Studio Solution File, Format Version 12.00
# Visual Studio Version 17
VisualStudioVersion = 17.6.33829.357
MinimumVisualStudioVersion = 10.0.40219.1
Project("{9A19103F-16F7-4668-BE54-9A1E7A4F7556}") = "KronoMata.Model", "KronoMata.Model\KronoMata.Model.csproj", "{40709496-4F6B-4567-8E0C-1FDDC7740E83}"
EndProject
Project("{9A19103F-16F7-4668-BE54-9A1E7A4F7556}") = "KronoMata.Public", "KronoMata.Public\KronoMata.Public.csproj", "{9BE0F1B1-9A7D-4745-B359-78B448AF7149}"
EndProject
Project("{9A19103F-16F7-4668-BE54-9A1E7A4F7556}") = "KronoMata.Data", "KronoMata.Data\KronoMata.Data.csproj", "{0F4FA888-A925-4F49-A549-C578DCA52B08}"
EndProject
Project("{9A19103F-16F7-4668-BE54-9A1E7A4F7556}") = "KronoMata.Data.Mock", "KronoMata.Data.Mock\KronoMata.Data.Mock.csproj", "{7BD4F4D2-4D09-4FE4-AB47-C18B7FB5FE4F}"
EndProject
Project("{9A19103F-16F7-4668-BE54-9A1E7A4F7556}") = "Test.KronoMata.Data.Mock", "Test.KronoMata.Data.Mock\Test.KronoMata.Data.Mock.csproj", "{6DBA2ABC-5FB4-43D2-AAA3-49FB44570414}"
EndProject
Project("{FAE04EC0-301F-11D3-BF4B-00C04F79EFBC}") = "KronoMata.Samples", "KronoMata.Samples\KronoMata.Samples.csproj", "{3F15FFE1-FE10-4660-ACF8-3783687D5840}"
EndProject
Global
	GlobalSection(SolutionConfigurationPlatforms) = preSolution
		Debug|Any CPU = Debug|Any CPU
		Release|Any CPU = Release|Any CPU
	EndGlobalSection
	GlobalSection(ProjectConfigurationPlatforms) = postSolution
		{40709496-4F6B-4567-8E0C-1FDDC7740E83}.Debug|Any CPU.ActiveCfg = Debug|Any CPU
		{40709496-4F6B-4567-8E0C-1FDDC7740E83}.Debug|Any CPU.Build.0 = Debug|Any CPU
		{40709496-4F6B-4567-8E0C-1FDDC7740E83}.Release|Any CPU.ActiveCfg = Release|Any CPU
		{40709496-4F6B-4567-8E0C-1FDDC7740E83}.Release|Any CPU.Build.0 = Release|Any CPU
		{9BE0F1B1-9A7D-4745-B359-78B448AF7149}.Debug|Any CPU.ActiveCfg = Debug|Any CPU
		{9BE0F1B1-9A7D-4745-B359-78B448AF7149}.Debug|Any CPU.Build.0 = Debug|Any CPU
		{9BE0F1B1-9A7D-4745-B359-78B448AF7149}.Release|Any CPU.ActiveCfg = Release|Any CPU
		{9BE0F1B1-9A7D-4745-B359-78B448AF7149}.Release|Any CPU.Build.0 = Release|Any CPU
		{0F4FA888-A925-4F49-A549-C578DCA52B08}.Debug|Any CPU.ActiveCfg = Debug|Any CPU
		{0F4FA888-A925-4F49-A549-C578DCA52B08}.Debug|Any CPU.Build.0 = Debug|Any CPU
		{0F4FA888-A925-4F49-A549-C578DCA52B08}.Release|Any CPU.ActiveCfg = Release|Any CPU
		{0F4FA888-A925-4F49-A549-C578DCA52B08}.Release|Any CPU.Build.0 = Release|Any CPU
		{7BD4F4D2-4D09-4FE4-AB47-C18B7FB5FE4F}.Debug|Any CPU.ActiveCfg = Debug|Any CPU
		{7BD4F4D2-4D09-4FE4-AB47-C18B7FB5FE4F}.Debug|Any CPU.Build.0 = Debug|Any CPU
		{7BD4F4D2-4D09-4FE4-AB47-C18B7FB5FE4F}.Release|Any CPU.ActiveCfg = Release|Any CPU
		{7BD4F4D2-4D09-4FE4-AB47-C18B7FB5FE4F}.Release|Any CPU.Build.0 = Release|Any CPU
		{6DBA2ABC-5FB4-43D2-AAA3-49FB44570414}.Debug|Any CPU.ActiveCfg = Debug|Any CPU
		{6DBA2ABC-5FB4-43D2-AAA3-49FB44570414}.Debug|Any CPU.Build.0 = Debug|Any CPU
		{6DBA2ABC-5FB4-43D2-AAA3-49FB44570414}.Release|Any CPU.ActiveCfg = Release|Any CPU
		{6DBA2ABC-5FB4-43D2-AAA3-49FB44570414}.Release|Any CPU.Build.0 = Release|Any CPU
		{3F15FFE1-FE10-4660-ACF8-3783687D5840}.Debug|Any CPU.ActiveCfg = Debug|Any CPU
		{3F15FFE1-FE10-4660-ACF8-3783687D5840}.Debug|Any CPU.Build.0 = Debug|Any CPU
		{3F15FFE1-FE10-4660-ACF8-3783687D5840}.Release|Any CPU.ActiveCfg = Release|Any CPU
		{3F15FFE1-FE10-4660-ACF8-3783687D5840}.Release|Any CPU.Build.0 = Release|Any CPU
	EndGlobalSection
	GlobalSection(SolutionProperties) = preSolution
		HideSolutionNode = FALSE
	EndGlobalSection
	GlobalSection(ExtensibilityGlobals) = postSolution
		SolutionGuid = {C1F71750-55B9-4AC3-B272-41842AAB1CAD}
	EndGlobalSection
EndGlobal
